
Microsoft Visual Studio Solution File, Format Version 12.00
# Visual Studio Version 17
VisualStudioVersion = 17.8.34330.188
MinimumVisualStudioVersion = 10.0.40219.1
Project("{FAE04EC0-301F-11D3-BF4B-00C04F79EFBC}") = "DataStructure", "DataStructure.csproj", "{B10FA8A0-BC7B-4918-8844-7182E5EB2192}"
EndProject
Global
	GlobalSection(SolutionConfigurationPlatforms) = preSolution
		Debug|Any CPU = Debug|Any CPU
		Release|Any CPU = Release|Any CPU
	EndGlobalSection
	GlobalSection(ProjectConfigurationPlatforms) = postSolution
		{B10FA8A0-BC7B-4918-8844-7182E5EB2192}.Debug|Any CPU.ActiveCfg = Debug|Any CPU
		{B10FA8A0-BC7B-4918-8844-7182E5EB2192}.Debug|Any CPU.Build.0 = Debug|Any CPU
		{B10FA8A0-BC7B-4918-8844-7182E5EB2192}.Release|Any CPU.ActiveCfg = Release|Any CPU
		{B10FA8A0-BC7B-4918-8844-7182E5EB2192}.Release|Any CPU.Build.0 = Release|Any CPU
	EndGlobalSection
	GlobalSection(SolutionProperties) = preSolution
		HideSolutionNode = FALSE
	EndGlobalSection
	GlobalSection(ExtensibilityGlobals) = postSolution
		SolutionGuid = {F9A89C58-D0EE-452E-97B9-59CF6C631823}
	EndGlobalSection
EndGlobal
