
Microsoft Visual Studio Solution File, Format Version 12.00
# Visual Studio Version 17
VisualStudioVersion = 17.8.34330.188
MinimumVisualStudioVersion = 10.0.40219.1
Project("{FAE04EC0-301F-11D3-BF4B-00C04F79EFBC}") = "FTPClientProject", "FTPClientProject.csproj", "{69502528-3DF0-4AA3-9DE3-1295F9256BFA}"
EndProject
Global
	GlobalSection(SolutionConfigurationPlatforms) = preSolution
		Debug|Any CPU = Debug|Any CPU
		Release|Any CPU = Release|Any CPU
	EndGlobalSection
	GlobalSection(ProjectConfigurationPlatforms) = postSolution
		{69502528-3DF0-4AA3-9DE3-1295F9256BFA}.Debug|Any CPU.ActiveCfg = Debug|Any CPU
		{69502528-3DF0-4AA3-9DE3-1295F9256BFA}.Debug|Any CPU.Build.0 = Debug|Any CPU
		{69502528-3DF0-4AA3-9DE3-1295F9256BFA}.Release|Any CPU.ActiveCfg = Release|Any CPU
		{69502528-3DF0-4AA3-9DE3-1295F9256BFA}.Release|Any CPU.Build.0 = Release|Any CPU
	EndGlobalSection
	GlobalSection(SolutionProperties) = preSolution
		HideSolutionNode = FALSE
	EndGlobalSection
	GlobalSection(ExtensibilityGlobals) = postSolution
		SolutionGuid = {979C66EE-038E-400E-9C58-C13CD6B5EB28}
	EndGlobalSection
EndGlobal
